
Microsoft Visual Studio Solution File, Format Version 12.00
# Visual Studio 2013
VisualStudioVersion = 12.0.31101.0
MinimumVisualStudioVersion = 10.0.40219.1
Project("{00D1A9C2-B5F0-4AF3-8072-F6C62B433612}") = "Database", "SimpleExample.Database\Database.sqlproj", "{221EFFF5-DC8E-4E7F-8107-A5218F8FDE81}"
EndProject
Project("{FAE04EC0-301F-11D3-BF4B-00C04F79EFBC}") = "SimpleExample.DataLayer", "SimpleExample.DataLayer\SimpleExample.DataLayer.csproj", "{0C518694-411E-4AEB-9B33-6BD47548F16E}"
EndProject
Project("{2150E333-8FDC-42A3-9474-1A3956D46DE8}") = ".nuget", ".nuget", "{C1C4C879-A0F4-4502-B617-C66639E18F79}"
EndProject
Global
	GlobalSection(SolutionConfigurationPlatforms) = preSolution
		Debug|Any CPU = Debug|Any CPU
		Release|Any CPU = Release|Any CPU
	EndGlobalSection
	GlobalSection(ProjectConfigurationPlatforms) = postSolution
		{221EFFF5-DC8E-4E7F-8107-A5218F8FDE81}.Debug|Any CPU.ActiveCfg = Debug|Any CPU
		{221EFFF5-DC8E-4E7F-8107-A5218F8FDE81}.Debug|Any CPU.Build.0 = Debug|Any CPU
		{221EFFF5-DC8E-4E7F-8107-A5218F8FDE81}.Debug|Any CPU.Deploy.0 = Debug|Any CPU
		{221EFFF5-DC8E-4E7F-8107-A5218F8FDE81}.Release|Any CPU.ActiveCfg = Release|Any CPU
		{221EFFF5-DC8E-4E7F-8107-A5218F8FDE81}.Release|Any CPU.Build.0 = Release|Any CPU
		{221EFFF5-DC8E-4E7F-8107-A5218F8FDE81}.Release|Any CPU.Deploy.0 = Release|Any CPU
		{0C518694-411E-4AEB-9B33-6BD47548F16E}.Debug|Any CPU.ActiveCfg = Debug|Any CPU
		{0C518694-411E-4AEB-9B33-6BD47548F16E}.Debug|Any CPU.Build.0 = Debug|Any CPU
		{0C518694-411E-4AEB-9B33-6BD47548F16E}.Release|Any CPU.ActiveCfg = Release|Any CPU
		{0C518694-411E-4AEB-9B33-6BD47548F16E}.Release|Any CPU.Build.0 = Release|Any CPU
	EndGlobalSection
	GlobalSection(SolutionProperties) = preSolution
		HideSolutionNode = FALSE
	EndGlobalSection
EndGlobal
