
Microsoft Visual Studio Solution File, Format Version 12.00
# Visual Studio 2013
VisualStudioVersion = 12.0.31101.0
MinimumVisualStudioVersion = 10.0.40219.1
Project("{FAE04EC0-301F-11D3-BF4B-00C04F79EFBC}") = "SqlSharpener", "SqlSharpener\SqlSharpener.csproj", "{EF5B5FB1-4E44-491F-A50D-951F95674C04}"
EndProject
Project("{FAE04EC0-301F-11D3-BF4B-00C04F79EFBC}") = "SqlSharpener.Tests", "SqlSharpener.Tests\SqlSharpener.Tests.csproj", "{BBB6D1BA-2AA5-4C9D-83F5-255B986D1041}"
EndProject
Global
	GlobalSection(SolutionConfigurationPlatforms) = preSolution
		Debug|Any CPU = Debug|Any CPU
		Release|Any CPU = Release|Any CPU
	EndGlobalSection
	GlobalSection(ProjectConfigurationPlatforms) = postSolution
		{EF5B5FB1-4E44-491F-A50D-951F95674C04}.Debug|Any CPU.ActiveCfg = Debug|Any CPU
		{EF5B5FB1-4E44-491F-A50D-951F95674C04}.Debug|Any CPU.Build.0 = Debug|Any CPU
		{EF5B5FB1-4E44-491F-A50D-951F95674C04}.Release|Any CPU.ActiveCfg = Release|Any CPU
		{EF5B5FB1-4E44-491F-A50D-951F95674C04}.Release|Any CPU.Build.0 = Release|Any CPU
		{BBB6D1BA-2AA5-4C9D-83F5-255B986D1041}.Debug|Any CPU.ActiveCfg = Debug|Any CPU
		{BBB6D1BA-2AA5-4C9D-83F5-255B986D1041}.Debug|Any CPU.Build.0 = Debug|Any CPU
		{BBB6D1BA-2AA5-4C9D-83F5-255B986D1041}.Release|Any CPU.ActiveCfg = Release|Any CPU
		{BBB6D1BA-2AA5-4C9D-83F5-255B986D1041}.Release|Any CPU.Build.0 = Release|Any CPU
	EndGlobalSection
	GlobalSection(SolutionProperties) = preSolution
		HideSolutionNode = FALSE
	EndGlobalSection
EndGlobal
